
Microsoft Visual Studio Solution File, Format Version 12.00
# Visual Studio Version 16
VisualStudioVersion = 16.0.30204.135
MinimumVisualStudioVersion = 10.0.40219.1
Project("{9A19103F-16F7-4668-BE54-9A1E7A4F7556}") = "Day4", "Day4\Day4.csproj", "{7165AA3B-E95A-4B72-A7D7-1E5F44F9F921}"
EndProject
Project("{9A19103F-16F7-4668-BE54-9A1E7A4F7556}") = "Day5", "Day5\Day5.csproj", "{808F1F71-EA7D-43A6-BA49-DDA0AFF6AEE7}"
EndProject
Project("{9A19103F-16F7-4668-BE54-9A1E7A4F7556}") = "Day7", "Day7\Day7.csproj", "{027D7A89-DF03-4F1A-B9EE-4B7EB4253301}"
EndProject
Project("{9A19103F-16F7-4668-BE54-9A1E7A4F7556}") = "Day8", "Day8\Day8.csproj", "{55550B3F-E2C8-4FD7-8157-46E9B6E12EF8}"
EndProject
Project("{9A19103F-16F7-4668-BE54-9A1E7A4F7556}") = "Day11", "Day11\Day11.csproj", "{7332E3D8-BA2C-4ABF-812F-616FDF3753F7}"
EndProject
Project("{9A19103F-16F7-4668-BE54-9A1E7A4F7556}") = "Day12", "Day12\Day12.csproj", "{BC3D5F77-099C-41D6-9790-5768FF2711DD}"
EndProject
Project("{9A19103F-16F7-4668-BE54-9A1E7A4F7556}") = "Day1", "Day1\Day1.csproj", "{9617A0B2-4D80-4308-AD60-4292DB011FE6}"
EndProject
Project("{9A19103F-16F7-4668-BE54-9A1E7A4F7556}") = "Day2", "Day2\Day2.csproj", "{4D038C3B-4F17-416D-9244-E4078D190E94}"
EndProject
Project("{9A19103F-16F7-4668-BE54-9A1E7A4F7556}") = "Day3", "Day3\Day3.csproj", "{124CE3AC-2B12-4B85-814A-3F64CFC5122D}"
EndProject
Project("{9A19103F-16F7-4668-BE54-9A1E7A4F7556}") = "Day6", "Day6\Day6.csproj", "{DBBD89D2-B639-4AE3-AB54-6FAE0B84B509}"
EndProject
Project("{9A19103F-16F7-4668-BE54-9A1E7A4F7556}") = "Day9", "Day9\Day9.csproj", "{3C4A8C0F-D428-40B6-B31D-B96C1DA4C862}"
EndProject
Project("{9A19103F-16F7-4668-BE54-9A1E7A4F7556}") = "Day10", "Day10\Day10.csproj", "{7F9A8460-16A6-4977-ADF2-B6B65516C2D4}"
EndProject
Project("{9A19103F-16F7-4668-BE54-9A1E7A4F7556}") = "Day13", "Day13\Day13.csproj", "{D26FD8A3-6D52-4A30-B221-B9B77F8C9CF0}"
EndProject
Project("{9A19103F-16F7-4668-BE54-9A1E7A4F7556}") = "Day14", "Day14\Day14.csproj", "{6F24D854-1B34-41BB-91D4-F2278930C0ED}"
EndProject
Project("{9A19103F-16F7-4668-BE54-9A1E7A4F7556}") = "Day15", "Day15\Day15.csproj", "{61BBEE28-62A1-41B9-8B73-92A095AB6873}"
EndProject
Project("{9A19103F-16F7-4668-BE54-9A1E7A4F7556}") = "Day16", "Day16\Day16.csproj", "{EDE8A98A-E612-43ED-9A41-05D44F1E0666}"
EndProject
Project("{9A19103F-16F7-4668-BE54-9A1E7A4F7556}") = "Day17", "Day17\Day17.csproj", "{91CFDF2B-B77A-423E-B1F6-CF956E3B0D1E}"
EndProject
Project("{FAE04EC0-301F-11D3-BF4B-00C04F79EFBC}") = "Day18", "Day18\Day18.csproj", "{73D9F5C7-E437-492F-BC39-2842F9B871E0}"
EndProject
Project("{FAE04EC0-301F-11D3-BF4B-00C04F79EFBC}") = "Day19", "Day19\Day19.csproj", "{AF4FC7CE-8BFC-4F7D-BF5B-55443359DB1C}"
EndProject
Project("{FAE04EC0-301F-11D3-BF4B-00C04F79EFBC}") = "Day20", "Day20\Day20.csproj", "{3A0E8BFA-58C5-4D19-B91B-1665C412C3CF}"
EndProject
Global
	GlobalSection(SolutionConfigurationPlatforms) = preSolution
		Debug|Any CPU = Debug|Any CPU
		Release|Any CPU = Release|Any CPU
	EndGlobalSection
	GlobalSection(ProjectConfigurationPlatforms) = postSolution
		{7165AA3B-E95A-4B72-A7D7-1E5F44F9F921}.Debug|Any CPU.ActiveCfg = Debug|Any CPU
		{7165AA3B-E95A-4B72-A7D7-1E5F44F9F921}.Debug|Any CPU.Build.0 = Debug|Any CPU
		{7165AA3B-E95A-4B72-A7D7-1E5F44F9F921}.Release|Any CPU.ActiveCfg = Release|Any CPU
		{7165AA3B-E95A-4B72-A7D7-1E5F44F9F921}.Release|Any CPU.Build.0 = Release|Any CPU
		{808F1F71-EA7D-43A6-BA49-DDA0AFF6AEE7}.Debug|Any CPU.ActiveCfg = Debug|Any CPU
		{808F1F71-EA7D-43A6-BA49-DDA0AFF6AEE7}.Debug|Any CPU.Build.0 = Debug|Any CPU
		{808F1F71-EA7D-43A6-BA49-DDA0AFF6AEE7}.Release|Any CPU.ActiveCfg = Release|Any CPU
		{808F1F71-EA7D-43A6-BA49-DDA0AFF6AEE7}.Release|Any CPU.Build.0 = Release|Any CPU
		{027D7A89-DF03-4F1A-B9EE-4B7EB4253301}.Debug|Any CPU.ActiveCfg = Debug|Any CPU
		{027D7A89-DF03-4F1A-B9EE-4B7EB4253301}.Debug|Any CPU.Build.0 = Debug|Any CPU
		{027D7A89-DF03-4F1A-B9EE-4B7EB4253301}.Release|Any CPU.ActiveCfg = Release|Any CPU
		{027D7A89-DF03-4F1A-B9EE-4B7EB4253301}.Release|Any CPU.Build.0 = Release|Any CPU
		{55550B3F-E2C8-4FD7-8157-46E9B6E12EF8}.Debug|Any CPU.ActiveCfg = Debug|Any CPU
		{55550B3F-E2C8-4FD7-8157-46E9B6E12EF8}.Debug|Any CPU.Build.0 = Debug|Any CPU
		{55550B3F-E2C8-4FD7-8157-46E9B6E12EF8}.Release|Any CPU.ActiveCfg = Release|Any CPU
		{55550B3F-E2C8-4FD7-8157-46E9B6E12EF8}.Release|Any CPU.Build.0 = Release|Any CPU
		{7332E3D8-BA2C-4ABF-812F-616FDF3753F7}.Debug|Any CPU.ActiveCfg = Debug|Any CPU
		{7332E3D8-BA2C-4ABF-812F-616FDF3753F7}.Debug|Any CPU.Build.0 = Debug|Any CPU
		{7332E3D8-BA2C-4ABF-812F-616FDF3753F7}.Release|Any CPU.ActiveCfg = Release|Any CPU
		{7332E3D8-BA2C-4ABF-812F-616FDF3753F7}.Release|Any CPU.Build.0 = Release|Any CPU
		{BC3D5F77-099C-41D6-9790-5768FF2711DD}.Debug|Any CPU.ActiveCfg = Debug|Any CPU
		{BC3D5F77-099C-41D6-9790-5768FF2711DD}.Debug|Any CPU.Build.0 = Debug|Any CPU
		{BC3D5F77-099C-41D6-9790-5768FF2711DD}.Release|Any CPU.ActiveCfg = Release|Any CPU
		{BC3D5F77-099C-41D6-9790-5768FF2711DD}.Release|Any CPU.Build.0 = Release|Any CPU
		{9617A0B2-4D80-4308-AD60-4292DB011FE6}.Debug|Any CPU.ActiveCfg = Debug|Any CPU
		{9617A0B2-4D80-4308-AD60-4292DB011FE6}.Debug|Any CPU.Build.0 = Debug|Any CPU
		{9617A0B2-4D80-4308-AD60-4292DB011FE6}.Release|Any CPU.ActiveCfg = Release|Any CPU
		{9617A0B2-4D80-4308-AD60-4292DB011FE6}.Release|Any CPU.Build.0 = Release|Any CPU
		{4D038C3B-4F17-416D-9244-E4078D190E94}.Debug|Any CPU.ActiveCfg = Debug|Any CPU
		{4D038C3B-4F17-416D-9244-E4078D190E94}.Debug|Any CPU.Build.0 = Debug|Any CPU
		{4D038C3B-4F17-416D-9244-E4078D190E94}.Release|Any CPU.ActiveCfg = Release|Any CPU
		{4D038C3B-4F17-416D-9244-E4078D190E94}.Release|Any CPU.Build.0 = Release|Any CPU
		{124CE3AC-2B12-4B85-814A-3F64CFC5122D}.Debug|Any CPU.ActiveCfg = Debug|Any CPU
		{124CE3AC-2B12-4B85-814A-3F64CFC5122D}.Debug|Any CPU.Build.0 = Debug|Any CPU
		{124CE3AC-2B12-4B85-814A-3F64CFC5122D}.Release|Any CPU.ActiveCfg = Release|Any CPU
		{124CE3AC-2B12-4B85-814A-3F64CFC5122D}.Release|Any CPU.Build.0 = Release|Any CPU
		{DBBD89D2-B639-4AE3-AB54-6FAE0B84B509}.Debug|Any CPU.ActiveCfg = Debug|Any CPU
		{DBBD89D2-B639-4AE3-AB54-6FAE0B84B509}.Debug|Any CPU.Build.0 = Debug|Any CPU
		{DBBD89D2-B639-4AE3-AB54-6FAE0B84B509}.Release|Any CPU.ActiveCfg = Release|Any CPU
		{DBBD89D2-B639-4AE3-AB54-6FAE0B84B509}.Release|Any CPU.Build.0 = Release|Any CPU
		{3C4A8C0F-D428-40B6-B31D-B96C1DA4C862}.Debug|Any CPU.ActiveCfg = Debug|Any CPU
		{3C4A8C0F-D428-40B6-B31D-B96C1DA4C862}.Debug|Any CPU.Build.0 = Debug|Any CPU
		{3C4A8C0F-D428-40B6-B31D-B96C1DA4C862}.Release|Any CPU.ActiveCfg = Release|Any CPU
		{3C4A8C0F-D428-40B6-B31D-B96C1DA4C862}.Release|Any CPU.Build.0 = Release|Any CPU
		{7F9A8460-16A6-4977-ADF2-B6B65516C2D4}.Debug|Any CPU.ActiveCfg = Debug|Any CPU
		{7F9A8460-16A6-4977-ADF2-B6B65516C2D4}.Debug|Any CPU.Build.0 = Debug|Any CPU
		{7F9A8460-16A6-4977-ADF2-B6B65516C2D4}.Release|Any CPU.ActiveCfg = Release|Any CPU
		{7F9A8460-16A6-4977-ADF2-B6B65516C2D4}.Release|Any CPU.Build.0 = Release|Any CPU
		{D26FD8A3-6D52-4A30-B221-B9B77F8C9CF0}.Debug|Any CPU.ActiveCfg = Debug|Any CPU
		{D26FD8A3-6D52-4A30-B221-B9B77F8C9CF0}.Debug|Any CPU.Build.0 = Debug|Any CPU
		{D26FD8A3-6D52-4A30-B221-B9B77F8C9CF0}.Release|Any CPU.ActiveCfg = Release|Any CPU
		{D26FD8A3-6D52-4A30-B221-B9B77F8C9CF0}.Release|Any CPU.Build.0 = Release|Any CPU
		{6F24D854-1B34-41BB-91D4-F2278930C0ED}.Debug|Any CPU.ActiveCfg = Debug|Any CPU
		{6F24D854-1B34-41BB-91D4-F2278930C0ED}.Debug|Any CPU.Build.0 = Debug|Any CPU
		{6F24D854-1B34-41BB-91D4-F2278930C0ED}.Release|Any CPU.ActiveCfg = Release|Any CPU
		{6F24D854-1B34-41BB-91D4-F2278930C0ED}.Release|Any CPU.Build.0 = Release|Any CPU
		{61BBEE28-62A1-41B9-8B73-92A095AB6873}.Debug|Any CPU.ActiveCfg = Debug|Any CPU
		{61BBEE28-62A1-41B9-8B73-92A095AB6873}.Debug|Any CPU.Build.0 = Debug|Any CPU
		{61BBEE28-62A1-41B9-8B73-92A095AB6873}.Release|Any CPU.ActiveCfg = Release|Any CPU
		{61BBEE28-62A1-41B9-8B73-92A095AB6873}.Release|Any CPU.Build.0 = Release|Any CPU
		{EDE8A98A-E612-43ED-9A41-05D44F1E0666}.Debug|Any CPU.ActiveCfg = Debug|Any CPU
		{EDE8A98A-E612-43ED-9A41-05D44F1E0666}.Debug|Any CPU.Build.0 = Debug|Any CPU
		{EDE8A98A-E612-43ED-9A41-05D44F1E0666}.Release|Any CPU.ActiveCfg = Release|Any CPU
		{EDE8A98A-E612-43ED-9A41-05D44F1E0666}.Release|Any CPU.Build.0 = Release|Any CPU
		{91CFDF2B-B77A-423E-B1F6-CF956E3B0D1E}.Debug|Any CPU.ActiveCfg = Debug|Any CPU
		{91CFDF2B-B77A-423E-B1F6-CF956E3B0D1E}.Debug|Any CPU.Build.0 = Debug|Any CPU
		{91CFDF2B-B77A-423E-B1F6-CF956E3B0D1E}.Release|Any CPU.ActiveCfg = Release|Any CPU
		{91CFDF2B-B77A-423E-B1F6-CF956E3B0D1E}.Release|Any CPU.Build.0 = Release|Any CPU
		{73D9F5C7-E437-492F-BC39-2842F9B871E0}.Debug|Any CPU.ActiveCfg = Debug|Any CPU
		{73D9F5C7-E437-492F-BC39-2842F9B871E0}.Debug|Any CPU.Build.0 = Debug|Any CPU
		{73D9F5C7-E437-492F-BC39-2842F9B871E0}.Release|Any CPU.ActiveCfg = Release|Any CPU
		{73D9F5C7-E437-492F-BC39-2842F9B871E0}.Release|Any CPU.Build.0 = Release|Any CPU
		{AF4FC7CE-8BFC-4F7D-BF5B-55443359DB1C}.Debug|Any CPU.ActiveCfg = Debug|Any CPU
		{AF4FC7CE-8BFC-4F7D-BF5B-55443359DB1C}.Debug|Any CPU.Build.0 = Debug|Any CPU
		{AF4FC7CE-8BFC-4F7D-BF5B-55443359DB1C}.Release|Any CPU.ActiveCfg = Release|Any CPU
		{AF4FC7CE-8BFC-4F7D-BF5B-55443359DB1C}.Release|Any CPU.Build.0 = Release|Any CPU
		{3A0E8BFA-58C5-4D19-B91B-1665C412C3CF}.Debug|Any CPU.ActiveCfg = Debug|Any CPU
		{3A0E8BFA-58C5-4D19-B91B-1665C412C3CF}.Debug|Any CPU.Build.0 = Debug|Any CPU
		{3A0E8BFA-58C5-4D19-B91B-1665C412C3CF}.Release|Any CPU.ActiveCfg = Release|Any CPU
		{3A0E8BFA-58C5-4D19-B91B-1665C412C3CF}.Release|Any CPU.Build.0 = Release|Any CPU
	EndGlobalSection
	GlobalSection(SolutionProperties) = preSolution
		HideSolutionNode = FALSE
	EndGlobalSection
	GlobalSection(ExtensibilityGlobals) = postSolution
		SolutionGuid = {103CBD1D-94BD-4C8C-BCE4-0D4F3E050632}
	EndGlobalSection
EndGlobal
